
Microsoft Visual Studio Solution File, Format Version 12.00
# Visual Studio Version 17
VisualStudioVersion = 17.5.002.0
MinimumVisualStudioVersion = 10.0.40219.1
Project("{9A19103F-16F7-4668-BE54-9A1E7A4F7556}") = "SocialApi", "SocialApi.csproj", "{87AD995B-B686-4552-BDEE-6FA69D745AFE}"
EndProject
Global
	GlobalSection(SolutionConfigurationPlatforms) = preSolution
		Debug|Any CPU = Debug|Any CPU
		Release|Any CPU = Release|Any CPU
	EndGlobalSection
	GlobalSection(ProjectConfigurationPlatforms) = postSolution
		{87AD995B-B686-4552-BDEE-6FA69D745AFE}.Debug|Any CPU.ActiveCfg = Debug|Any CPU
		{87AD995B-B686-4552-BDEE-6FA69D745AFE}.Debug|Any CPU.Build.0 = Debug|Any CPU
		{87AD995B-B686-4552-BDEE-6FA69D745AFE}.Release|Any CPU.ActiveCfg = Release|Any CPU
		{87AD995B-B686-4552-BDEE-6FA69D745AFE}.Release|Any CPU.Build.0 = Release|Any CPU
	EndGlobalSection
	GlobalSection(SolutionProperties) = preSolution
		HideSolutionNode = FALSE
	EndGlobalSection
	GlobalSection(ExtensibilityGlobals) = postSolution
		SolutionGuid = {DFEEF4D4-89F5-4662-AAE1-70FF8438717E}
	EndGlobalSection
EndGlobal
